
Microsoft Visual Studio Solution File, Format Version 12.00
# Visual Studio Version 17
VisualStudioVersion = 17.6.33712.159
MinimumVisualStudioVersion = 10.0.40219.1
Project("{9A19103F-16F7-4668-BE54-9A1E7A4F7556}") = "TaxiApp.Data", "TaxiApp.Data\TaxiApp.Data.csproj", "{6168F835-3569-49FE-9C57-A9501447B9AF}"
EndProject
Project("{9A19103F-16F7-4668-BE54-9A1E7A4F7556}") = "TaxiApp", "TaxiApp\TaxiApp.csproj", "{9730E2D9-29B0-42BF-BBFD-7D89B7ECBEAE}"
EndProject
Global
	GlobalSection(SolutionConfigurationPlatforms) = preSolution
		Debug|Any CPU = Debug|Any CPU
		Release|Any CPU = Release|Any CPU
	EndGlobalSection
	GlobalSection(ProjectConfigurationPlatforms) = postSolution
		{6168F835-3569-49FE-9C57-A9501447B9AF}.Debug|Any CPU.ActiveCfg = Debug|Any CPU
		{6168F835-3569-49FE-9C57-A9501447B9AF}.Debug|Any CPU.Build.0 = Debug|Any CPU
		{6168F835-3569-49FE-9C57-A9501447B9AF}.Release|Any CPU.ActiveCfg = Release|Any CPU
		{6168F835-3569-49FE-9C57-A9501447B9AF}.Release|Any CPU.Build.0 = Release|Any CPU
		{9730E2D9-29B0-42BF-BBFD-7D89B7ECBEAE}.Debug|Any CPU.ActiveCfg = Debug|Any CPU
		{9730E2D9-29B0-42BF-BBFD-7D89B7ECBEAE}.Debug|Any CPU.Build.0 = Debug|Any CPU
		{9730E2D9-29B0-42BF-BBFD-7D89B7ECBEAE}.Release|Any CPU.ActiveCfg = Release|Any CPU
		{9730E2D9-29B0-42BF-BBFD-7D89B7ECBEAE}.Release|Any CPU.Build.0 = Release|Any CPU
	EndGlobalSection
	GlobalSection(SolutionProperties) = preSolution
		HideSolutionNode = FALSE
	EndGlobalSection
	GlobalSection(ExtensibilityGlobals) = postSolution
		SolutionGuid = {68023BBA-571A-412A-A3E6-E74222DE86F1}
	EndGlobalSection
EndGlobal
